
Microsoft Visual Studio Solution File, Format Version 12.00
# Visual Studio Version 16
VisualStudioVersion = 16.0.30804.86
MinimumVisualStudioVersion = 10.0.40219.1
Project("{FAE04EC0-301F-11D3-BF4B-00C04F79EFBC}") = "GameStore", "GameStore\GameStore.csproj", "{BF3BB17D-F6B3-48B4-9632-8E76F7786D3B}"
EndProject
Global
	GlobalSection(SolutionConfigurationPlatforms) = preSolution
		Debug|Any CPU = Debug|Any CPU
		Release|Any CPU = Release|Any CPU
	EndGlobalSection
	GlobalSection(ProjectConfigurationPlatforms) = postSolution
		{BF3BB17D-F6B3-48B4-9632-8E76F7786D3B}.Debug|Any CPU.ActiveCfg = Debug|Any CPU
		{BF3BB17D-F6B3-48B4-9632-8E76F7786D3B}.Debug|Any CPU.Build.0 = Debug|Any CPU
		{BF3BB17D-F6B3-48B4-9632-8E76F7786D3B}.Release|Any CPU.ActiveCfg = Release|Any CPU
		{BF3BB17D-F6B3-48B4-9632-8E76F7786D3B}.Release|Any CPU.Build.0 = Release|Any CPU
	EndGlobalSection
	GlobalSection(SolutionProperties) = preSolution
		HideSolutionNode = FALSE
	EndGlobalSection
	GlobalSection(ExtensibilityGlobals) = postSolution
		SolutionGuid = {CFFE3CF8-5ED4-4091-B92C-30FDE9BA8958}
	EndGlobalSection
EndGlobal
